hash: 54caaa15882fe9b4fbdf764a73a522bf157c6a0b5bcc52699d41494c2aec3cb1
updated: 2017-11-13T15:35:27.477409097+08:00
imports:
- name: github.com/sirupsen/logrus
  version: f006c2ac4710855cf0f916dd6b77acf6b048dc6e
- name: golang.org/x/crypto
  version: 6a293f2d4b14b8e6d3f0539e383f6d0d30fce3fd
  repo: https://github.com/golang/crypto.git
  vcs: git
  subpackages:
  - ssh/terminal
- name: golang.org/x/sys
  version: 1e2299c37cc91a509f1b12369872d27be0ce98a6
  repo: https://github.com/golang/sys.git
  vcs: git
  subpackages:
  - unix
  - windows
testImports: []
